// !$*UTF8*$!
{
	archiveVersion = 1;
	classes = {
	};
	objectVersion = 50;
	objects = {

/* Begin PBXBuildFile section */
		1F577F757DF772357CCA9126 /* Pods_RZQuotationsUITests.framework in Frameworks */ = {isa = PBXBuildFile; fileRef = 813A27D3F1AA8EE1D2963A14 /* Pods_RZQuotationsUITests.framework */; };
		C1DDA5C8235BA4D6002F07B1 /* Quote.swift in Sources */ = {isa = PBXBuildFile; fileRef = C1DDA5C7235BA4D6002F07B1 /* Quote.swift */; };
		C1DDA5CC235BA6F4002F07B1 /* EditView.swift in Sources */ = {isa = PBXBuildFile; fileRef = C1DDA5CB235BA6F4002F07B1 /* EditView.swift */; };
		C1DDA5D4235BB29E002F07B1 /* AddView.swift in Sources */ = {isa = PBXBuildFile; fileRef = C1DDA5D3235BB29E002F07B1 /* AddView.swift */; };
		C1DDA5D7235BBB2D002F07B1 /* Color.swift in Sources */ = {isa = PBXBuildFile; fileRef = C1DDA5D6235BBB2D002F07B1 /* Color.swift */; };
		C1DDA5DD235CEDD6002F07B1 /* UIColor.swift in Sources */ = {isa = PBXBuildFile; fileRef = C1DDA5DC235CEDD6002F07B1 /* UIColor.swift */; };
		C1E95023235B7E2D00C4AF00 /* AppDelegate.swift in Sources */ = {isa = PBXBuildFile; fileRef = C1E95022235B7E2D00C4AF00 /* AppDelegate.swift */; };
		C1E95025235B7E2D00C4AF00 /* SceneDelegate.swift in Sources */ = {isa = PBXBuildFile; fileRef = C1E95024235B7E2D00C4AF00 /* SceneDelegate.swift */; };
		C1E95028235B7E2D00C4AF00 /* RZQuotations.xcdatamodeld in Sources */ = {isa = PBXBuildFile; fileRef = C1E95026235B7E2D00C4AF00 /* RZQuotations.xcdatamodeld */; };
		C1E9502A235B7E2D00C4AF00 /* ContentView.swift in Sources */ = {isa = PBXBuildFile; fileRef = C1E95029235B7E2D00C4AF00 /* ContentView.swift */; };
		C1E9502C235B7E2D00C4AF00 /* Assets.xcassets in Resources */ = {isa = PBXBuildFile; fileRef = C1E9502B235B7E2D00C4AF00 /* Assets.xcassets */; };
		C1E9502F235B7E2D00C4AF00 /* Preview Assets.xcassets in Resources */ = {isa = PBXBuildFile; fileRef = C1E9502E235B7E2D00C4AF00 /* Preview Assets.xcassets */; };
		C1E95032235B7E2D00C4AF00 /* LaunchScreen.storyboard in Resources */ = {isa = PBXBuildFile; fileRef = C1E95030235B7E2D00C4AF00 /* LaunchScreen.storyboard */; };
		C1E9503D235B7E2E00C4AF00 /* RZQuotationsTests.swift in Sources */ = {isa = PBXBuildFile; fileRef = C1E9503C235B7E2E00C4AF00 /* RZQuotationsTests.swift */; };
		C1E95048235B7E2E00C4AF00 /* RZQuotationsUITests.swift in Sources */ = {isa = PBXBuildFile; fileRef = C1E95047235B7E2E00C4AF00 /* RZQuotationsUITests.swift */; };
		F1075C85D1FFAE5D39E87191 /* Pods_RZQuotationsTests.framework in Frameworks */ = {isa = PBXBuildFile; fileRef = 10FEF1013F55961CFDEDDB40 /* Pods_RZQuotationsTests.framework */; };
		FC15D669F3FD4B8BB56C402F /* Pods_RZQuotations.framework in Frameworks */ = {isa = PBXBuildFile; fileRef = 9481F989D08FB32B885D0E94 /* Pods_RZQuotations.framework */; };
/* End PBXBuildFile section */

/* Begin PBXContainerItemProxy section */
		C1E95039235B7E2E00C4AF00 /* PBXContainerItemProxy */ = {
			isa = PBXContainerItemProxy;
			containerPortal = C1E95017235B7E2C00C4AF00 /* Project object */;
			proxyType = 1;
			remoteGlobalIDString = C1E9501E235B7E2D00C4AF00;
			remoteInfo = RZQuotations;
		};
		C1E95044235B7E2E00C4AF00 /* PBXContainerItemProxy */ = {
			isa = PBXContainerItemProxy;
			containerPortal = C1E95017235B7E2C00C4AF00 /* Project object */;
			proxyType = 1;
			remoteGlobalIDString = C1E9501E235B7E2D00C4AF00;
			remoteInfo = RZQuotations;
		};
/* End PBXContainerItemProxy section */

/* Begin PBXFileReference section */
		10FEF1013F55961CFDEDDB40 /* Pods_RZQuotationsTests.framework */ = {isa = PBXFileReference; explicitFileType = wrapper.framework; includeInIndex = 0; path = Pods_RZQuotationsTests.framework; sourceTree = BUILT_PRODUCTS_DIR; };
		4A5B020B1800AFA5D2D7107E /* Pods-RZQuotationsTests.debug.xcconfig */ = {isa = PBXFileReference; includeInIndex = 1; lastKnownFileType = text.xcconfig; name = "Pods-RZQuotationsTests.debug.xcconfig"; path = "Target Support Files/Pods-RZQuotationsTests/Pods-RZQuotationsTests.debug.xcconfig"; sourceTree = "<group>"; };
		6814CDC06E638F402E1D3BC8 /* Pods-RZQuotations.release.xcconfig */ = {isa = PBXFileReference; includeInIndex = 1; lastKnownFileType = text.xcconfig; name = "Pods-RZQuotations.release.xcconfig"; path = "Target Support Files/Pods-RZQuotations/Pods-RZQuotations.release.xcconfig"; sourceTree = "<group>"; };
		813A27D3F1AA8EE1D2963A14 /* Pods_RZQuotationsUITests.framework */ = {isa = PBXFileReference; explicitFileType = wrapper.framework; includeInIndex = 0; path = Pods_RZQuotationsUITests.framework; sourceTree = BUILT_PRODUCTS_DIR; };
		9481F989D08FB32B885D0E94 /* Pods_RZQuotations.framework */ = {isa = PBXFileReference; explicitFileType = wrapper.framework; includeInIndex = 0; path = Pods_RZQuotations.framework; sourceTree = BUILT_PRODUCTS_DIR; };
		A27D901B394F47FBEBCEE397 /* Pods-RZQuotationsUITests.release.xcconfig */ = {isa = PBXFileReference; includeInIndex = 1; lastKnownFileType = text.xcconfig; name = "Pods-RZQuotationsUITests.release.xcconfig"; path = "Target Support Files/Pods-RZQuotationsUITests/Pods-RZQuotationsUITests.release.xcconfig"; sourceTree = "<group>"; };
		C1DDA5C7235BA4D6002F07B1 /* Quote.swift */ = {isa = PBXFileReference; lastKnownFileType = sourcecode.swift; name = Quote.swift; path = Model/Quote.swift; sourceTree = "<group>"; };
		C1DDA5CB235BA6F4002F07B1 /* EditView.swift */ = {isa = PBXFileReference; lastKnownFileType = sourcecode.swift; path = EditView.swift; sourceTree = "<group>"; };
		C1DDA5D3235BB29E002F07B1 /* AddView.swift */ = {isa = PBXFileReference; lastKnownFileType = sourcecode.swift; path = AddView.swift; sourceTree = "<group>"; };
		C1DDA5D6235BBB2D002F07B1 /* Color.swift */ = {isa = PBXFileReference; lastKnownFileType = sourcecode.swift; path = Color.swift; sourceTree = "<group>"; };
		C1DDA5DC235CEDD6002F07B1 /* UIColor.swift */ = {isa = PBXFileReference; lastKnownFileType = sourcecode.swift; path = UIColor.swift; sourceTree = "<group>"; };
		C1E9501F235B7E2D00C4AF00 /* RZQuotations.app */ = {isa = PBXFileReference; explicitFileType = wrapper.application; includeInIndex = 0; path = RZQuotations.app; sourceTree = BUILT_PRODUCTS_DIR; };
		C1E95022235B7E2D00C4AF00 /* AppDelegate.swift */ = {isa = PBXFileReference; lastKnownFileType = sourcecode.swift; path = AppDelegate.swift; sourceTree = "<group>"; };
		C1E95024235B7E2D00C4AF00 /* SceneDelegate.swift */ = {isa = PBXFileReference; lastKnownFileType = sourcecode.swift; path = SceneDelegate.swift; sourceTree = "<group>"; };
		C1E95027235B7E2D00C4AF00 /* RZQuotations.xcdatamodel */ = {isa = PBXFileReference; lastKnownFileType = wrapper.xcdatamodel; path = RZQuotations.xcdatamodel; sourceTree = "<group>"; };
		C1E95029235B7E2D00C4AF00 /* ContentView.swift */ = {isa = PBXFileReference; lastKnownFileType = sourcecode.swift; path = ContentView.swift; sourceTree = "<group>"; };
		C1E9502B235B7E2D00C4AF00 /* Assets.xcassets */ = {isa = PBXFileReference; lastKnownFileType = folder.assetcatalog; path = Assets.xcassets; sourceTree = "<group>"; };
		C1E9502E235B7E2D00C4AF00 /* Preview Assets.xcassets */ = {isa = PBXFileReference; lastKnownFileType = folder.assetcatalog; path = "Preview Assets.xcassets"; sourceTree = "<group>"; };
		C1E95031235B7E2D00C4AF00 /* Base */ = {isa = PBXFileReference; lastKnownFileType = file.storyboard; name = Base; path = Base.lproj/LaunchScreen.storyboard; sourceTree = "<group>"; };
		C1E95033235B7E2D00C4AF00 /* Info.plist */ = {isa = PBXFileReference; lastKnownFileType = text.plist.xml; path = Info.plist; sourceTree = "<group>"; };
		C1E95038235B7E2E00C4AF00 /* RZQuotationsTests.xctest */ = {isa = PBXFileReference; explicitFileType = wrapper.cfbundle; includeInIndex = 0; path = RZQuotationsTests.xctest; sourceTree = BUILT_PRODUCTS_DIR; };
		C1E9503C235B7E2E00C4AF00 /* RZQuotationsTests.swift */ = {isa = PBXFileReference; lastKnownFileType = sourcecode.swift; path = RZQuotationsTests.swift; sourceTree = "<group>"; };
		C1E9503E235B7E2E00C4AF00 /* Info.plist */ = {isa = PBXFileReference; lastKnownFileType = text.plist.xml; path = Info.plist; sourceTree = "<group>"; };
		C1E95043235B7E2E00C4AF00 /* RZQuotationsUITests.xctest */ = {isa = PBXFileReference; explicitFileType = wrapper.cfbundle; includeInIndex = 0; path = RZQuotationsUITests.xctest; sourceTree = BUILT_PRODUCTS_DIR; };
		C1E95047235B7E2E00C4AF00 /* RZQuotationsUITests.swift */ = {isa = PBXFileReference; lastKnownFileType = sourcecode.swift; path = RZQuotationsUITests.swift; sourceTree = "<group>"; };
		C1E95049235B7E2E00C4AF00 /* Info.plist */ = {isa = PBXFileReference; lastKnownFileType = text.plist.xml; path = Info.plist; sourceTree = "<group>"; };
		D0314D998BDD9E67BCF8F47D /* Pods-RZQuotationsTests.release.xcconfig */ = {isa = PBXFileReference; includeInIndex = 1; lastKnownFileType = text.xcconfig; name = "Pods-RZQuotationsTests.release.xcconfig"; path = "Target Support Files/Pods-RZQuotationsTests/Pods-RZQuotationsTests.release.xcconfig"; sourceTree = "<group>"; };
		D401D5855BD1499814B77A15 /* Pods-RZQuotations.debug.xcconfig */ = {isa = PBXFileReference; includeInIndex = 1; lastKnownFileType = text.xcconfig; name = "Pods-RZQuotations.debug.xcconfig"; path = "Target Support Files/Pods-RZQuotations/Pods-RZQuotations.debug.xcconfig"; sourceTree = "<group>"; };
		D5C156DA7F9C75F3202E46D9 /* Pods-RZQuotationsUITests.debug.xcconfig */ = {isa = PBXFileReference; includeInIndex = 1; lastKnownFileType = text.xcconfig; name = "Pods-RZQuotationsUITests.debug.xcconfig"; path = "Target Support Files/Pods-RZQuotationsUITests/Pods-RZQuotationsUITests.debug.xcconfig"; sourceTree = "<group>"; };
/* End PBXFileReference section */

/* Begin PBXFrameworksBuildPhase section */
		C1E9501C235B7E2D00C4AF00 /* Frameworks */ = {
			isa = PBXFrameworksBuildPhase;
			buildActionMask = 2147483647;
			files = (
				FC15D669F3FD4B8BB56C402F /* Pods_RZQuotations.framework in Frameworks */,
			);
			runOnlyForDeploymentPostprocessing = 0;
		};
		C1E95035235B7E2E00C4AF00 /* Frameworks */ = {
			isa = PBXFrameworksBuildPhase;
			buildActionMask = 2147483647;
			files = (
				F1075C85D1FFAE5D39E87191 /* Pods_RZQuotationsTests.framework in Frameworks */,
			);
			runOnlyForDeploymentPostprocessing = 0;
		};
		C1E95040235B7E2E00C4AF00 /* Frameworks */ = {
			isa = PBXFrameworksBuildPhase;
			buildActionMask = 2147483647;
			files = (
				1F577F757DF772357CCA9126 /* Pods_RZQuotationsUITests.framework in Frameworks */,
			);
			runOnlyForDeploymentPostprocessing = 0;
		};
/* End PBXFrameworksBuildPhase section */

/* Begin PBXGroup section */
		3A4C4E9DB2492EB83077F8CA /* Frameworks */ = {
			isa = PBXGroup;
			children = (
				9481F989D08FB32B885D0E94 /* Pods_RZQuotations.framework */,
				10FEF1013F55961CFDEDDB40 /* Pods_RZQuotationsTests.framework */,
				813A27D3F1AA8EE1D2963A14 /* Pods_RZQuotationsUITests.framework */,
			);
			name = Frameworks;
			sourceTree = "<group>";
		};
		C1DDA5BA235B82E3002F07B1 /* Model */ = {
			isa = PBXGroup;
			children = (
				C1DDA5C7235BA4D6002F07B1 /* Quote.swift */,
			);
			name = Model;
			sourceTree = "<group>";
		};
		C1DDA5D5235BBB19002F07B1 /* Extensions */ = {
			isa = PBXGroup;
			children = (
				C1DDA5D6235BBB2D002F07B1 /* Color.swift */,
				C1DDA5DC235CEDD6002F07B1 /* UIColor.swift */,
			);
			path = Extensions;
			sourceTree = "<group>";
		};
		C1E95016235B7E2C00C4AF00 = {
			isa = PBXGroup;
			children = (
				C1E95021235B7E2D00C4AF00 /* RZQuotations */,
				C1E9503B235B7E2E00C4AF00 /* RZQuotationsTests */,
				C1E95046235B7E2E00C4AF00 /* RZQuotationsUITests */,
				C1E95020235B7E2D00C4AF00 /* Products */,
				EC13F21A4085F82FF283054B /* Pods */,
				3A4C4E9DB2492EB83077F8CA /* Frameworks */,
			);
			sourceTree = "<group>";
		};
		C1E95020235B7E2D00C4AF00 /* Products */ = {
			isa = PBXGroup;
			children = (
				C1E9501F235B7E2D00C4AF00 /* RZQuotations.app */,
				C1E95038235B7E2E00C4AF00 /* RZQuotationsTests.xctest */,
				C1E95043235B7E2E00C4AF00 /* RZQuotationsUITests.xctest */,
			);
			name = Products;
			sourceTree = "<group>";
		};
		C1E95021235B7E2D00C4AF00 /* RZQuotations */ = {
			isa = PBXGroup;
			children = (
				C1DDA5D5235BBB19002F07B1 /* Extensions */,
				C1DDA5BA235B82E3002F07B1 /* Model */,
				C1DDA5D3235BB29E002F07B1 /* AddView.swift */,
				C1E95022235B7E2D00C4AF00 /* AppDelegate.swift */,
				C1E95029235B7E2D00C4AF00 /* ContentView.swift */,
				C1DDA5CB235BA6F4002F07B1 /* EditView.swift */,
				C1E95024235B7E2D00C4AF00 /* SceneDelegate.swift */,
				C1E9502B235B7E2D00C4AF00 /* Assets.xcassets */,
				C1E95030235B7E2D00C4AF00 /* LaunchScreen.storyboard */,
				C1E95033235B7E2D00C4AF00 /* Info.plist */,
				C1E95026235B7E2D00C4AF00 /* RZQuotations.xcdatamodeld */,
				C1E9502D235B7E2D00C4AF00 /* Preview Content */,
			);
			path = RZQuotations;
			sourceTree = "<group>";
		};
		C1E9502D235B7E2D00C4AF00 /* Preview Content */ = {
			isa = PBXGroup;
			children = (
				C1E9502E235B7E2D00C4AF00 /* Preview Assets.xcassets */,
			);
			path = "Preview Content";
			sourceTree = "<group>";
		};
		C1E9503B235B7E2E00C4AF00 /* RZQuotationsTests */ = {
			isa = PBXGroup;
			children = (
				C1E9503C235B7E2E00C4AF00 /* RZQuotationsTests.swift */,
				C1E9503E235B7E2E00C4AF00 /* Info.plist */,
			);
			path = RZQuotationsTests;
			sourceTree = "<group>";
		};
		C1E95046235B7E2E00C4AF00 /* RZQuotationsUITests */ = {
			isa = PBXGroup;
			children = (
				C1E95047235B7E2E00C4AF00 /* RZQuotationsUITests.swift */,
				C1E95049235B7E2E00C4AF00 /* Info.plist */,
			);
			path = RZQuotationsUITests;
			sourceTree = "<group>";
		};
		EC13F21A4085F82FF283054B /* Pods */ = {
			isa = PBXGroup;
			children = (
				D401D5855BD1499814B77A15 /* Pods-RZQuotations.debug.xcconfig */,
				6814CDC06E638F402E1D3BC8 /* Pods-RZQuotations.release.xcconfig */,
				4A5B020B1800AFA5D2D7107E /* Pods-RZQuotationsTests.debug.xcconfig */,
				D0314D998BDD9E67BCF8F47D /* Pods-RZQuotationsTests.release.xcconfig */,
				D5C156DA7F9C75F3202E46D9 /* Pods-RZQuotationsUITests.debug.xcconfig */,
				A27D901B394F47FBEBCEE397 /* Pods-RZQuotationsUITests.release.xcconfig */,
			);
			path = Pods;
			sourceTree = "<group>";
		};
/* End PBXGroup section */

/* Begin PBXNativeTarget section */
		C1E9501E235B7E2D00C4AF00 /* RZQuotations */ = {
			isa = PBXNativeTarget;
			buildConfigurationList = C1E9504C235B7E2E00C4AF00 /* Build configuration list for PBXNativeTarget "RZQuotations" */;
			buildPhases = (
				A2FCA56844ECBB6F259FBF80 /* [CP] Check Pods Manifest.lock */,
				C1E9501B235B7E2D00C4AF00 /* Sources */,
				C1E9501C235B7E2D00C4AF00 /* Frameworks */,
				C1E9501D235B7E2D00C4AF00 /* Resources */,
			);
			buildRules = (
			);
			dependencies = (
			);
			name = RZQuotations;
			productName = RZQuotations;
			productReference = C1E9501F235B7E2D00C4AF00 /* RZQuotations.app */;
			productType = "com.apple.product-type.application";
		};
		C1E95037235B7E2E00C4AF00 /* RZQuotationsTests */ = {
			isa = PBXNativeTarget;
			buildConfigurationList = C1E9504F235B7E2E00C4AF00 /* Build configuration list for PBXNativeTarget "RZQuotationsTests" */;
			buildPhases = (
				6A433A9FEDC824A7CA32F669 /* [CP] Check Pods Manifest.lock */,
				C1E95034235B7E2E00C4AF00 /* Sources */,
				C1E95035235B7E2E00C4AF00 /* Frameworks */,
				C1E95036235B7E2E00C4AF00 /* Resources */,
			);
			buildRules = (
			);
			dependencies = (
				C1E9503A235B7E2E00C4AF00 /* PBXTargetDependency */,
			);
			name = RZQuotationsTests;
			productName = RZQuotationsTests;
			productReference = C1E95038235B7E2E00C4AF00 /* RZQuotationsTests.xctest */;
			productType = "com.apple.product-type.bundle.unit-test";
		};
		C1E95042235B7E2E00C4AF00 /* RZQuotationsUITests */ = {
			isa = PBXNativeTarget;
			buildConfigurationList = C1E95052235B7E2E00C4AF00 /* Build configuration list for PBXNativeTarget "RZQuotationsUITests" */;
			buildPhases = (
				DA2E801223E6E0FE0635B31F /* [CP] Check Pods Manifest.lock */,
				C1E9503F235B7E2E00C4AF00 /* Sources */,
				C1E95040235B7E2E00C4AF00 /* Frameworks */,
				C1E95041235B7E2E00C4AF00 /* Resources */,
			);
			buildRules = (
			);
			dependencies = (
				C1E95045235B7E2E00C4AF00 /* PBXTargetDependency */,
			);
			name = RZQuotationsUITests;
			productName = RZQuotationsUITests;
			productReference = C1E95043235B7E2E00C4AF00 /* RZQuotationsUITests.xctest */;
			productType = "com.apple.product-type.bundle.ui-testing";
		};
/* End PBXNativeTarget section */

/* Begin PBXProject section */
		C1E95017235B7E2C00C4AF00 /* Project object */ = {
			isa = PBXProject;
			attributes = {
				LastSwiftUpdateCheck = 1110;
				LastUpgradeCheck = 1110;
				ORGANIZATIONNAME = "Shahla Almasri Hafez";
				TargetAttributes = {
					C1E9501E235B7E2D00C4AF00 = {
						CreatedOnToolsVersion = 11.1;
					};
					C1E95037235B7E2E00C4AF00 = {
						CreatedOnToolsVersion = 11.1;
						TestTargetID = C1E9501E235B7E2D00C4AF00;
					};
					C1E95042235B7E2E00C4AF00 = {
						CreatedOnToolsVersion = 11.1;
						TestTargetID = C1E9501E235B7E2D00C4AF00;
					};
				};
			};
			buildConfigurationList = C1E9501A235B7E2C00C4AF00 /* Build configuration list for PBXProject "RZQuotations" */;
			compatibilityVersion = "Xcode 9.3";
			developmentRegion = en;
			hasScannedForEncodings = 0;
			knownRegions = (
				en,
				Base,
			);
			mainGroup = C1E95016235B7E2C00C4AF00;
			productRefGroup = C1E95020235B7E2D00C4AF00 /* Products */;
			projectDirPath = "";
			projectRoot = "";
			targets = (
				C1E9501E235B7E2D00C4AF00 /* RZQuotations */,
				C1E95037235B7E2E00C4AF00 /* RZQuotationsTests */,
				C1E95042235B7E2E00C4AF00 /* RZQuotationsUITests */,
			);
		};
/* End PBXProject section */

/* Begin PBXResourcesBuildPhase section */
		C1E9501D235B7E2D00C4AF00 /* Resources */ = {
			isa = PBXResourcesBuildPhase;
			buildActionMask = 2147483647;
			files = (
				C1E95032235B7E2D00C4AF00 /* LaunchScreen.storyboard in Resources */,
				C1E9502F235B7E2D00C4AF00 /* Preview Assets.xcassets in Resources */,
				C1E9502C235B7E2D00C4AF00 /* Assets.xcassets in Resources */,
			);
			runOnlyForDeploymentPostprocessing = 0;
		};
		C1E95036235B7E2E00C4AF00 /* Resources */ = {
			isa = PBXResourcesBuildPhase;
			buildActionMask = 2147483647;
			files = (
			);
			runOnlyForDeploymentPostprocessing = 0;
		};
		C1E95041235B7E2E00C4AF00 /* Resources */ = {
			isa = PBXResourcesBuildPhase;
			buildActionMask = 2147483647;
			files = (
			);
			runOnlyForDeploymentPostprocessing = 0;
		};
/* End PBXResourcesBuildPhase section */

/* Begin PBXShellScriptBuildPhase section */
		6A433A9FEDC824A7CA32F669 /* [CP] Check Pods Manifest.lock */ = {
			isa = PBXShellScriptBuildPhase;
			buildActionMask = 2147483647;
			files = (
			);
			inputFileListPaths = (
			);
			inputPaths = (
				"${PODS_PODFILE_DIR_PATH}/Podfile.lock",
				"${PODS_ROOT}/Manifest.lock",
			);
			name = "[CP] Check Pods Manifest.lock";
			outputFileListPaths = (
			);
			outputPaths = (
				"$(DERIVED_FILE_DIR)/Pods-RZQuotationsTests-checkManifestLockResult.txt",
			);
			runOnlyForDeploymentPostprocessing = 0;
			shellPath = /bin/sh;
			shellScript = "diff \"${PODS_PODFILE_DIR_PATH}/Podfile.lock\" \"${PODS_ROOT}/Manifest.lock\" > /dev/null\nif [ $? != 0 ] ; then\n    # print error to STDERR\n    echo \"error: The sandbox is not in sync with the Podfile.lock. Run 'pod install' or update your CocoaPods installation.\" >&2\n    exit 1\nfi\n# This output is used by Xcode 'outputs' to avoid re-running this script phase.\necho \"SUCCESS\" > \"${SCRIPT_OUTPUT_FILE_0}\"\n";
			showEnvVarsInLog = 0;
		};
		A2FCA56844ECBB6F259FBF80 /* [CP] Check Pods Manifest.lock */ = {
			isa = PBXShellScriptBuildPhase;
			buildActionMask = 2147483647;
			files = (
			);
			inputFileListPaths = (
			);
			inputPaths = (
				"${PODS_PODFILE_DIR_PATH}/Podfile.lock",
				"${PODS_ROOT}/Manifest.lock",
			);
			name = "[CP] Check Pods Manifest.lock";
			outputFileListPaths = (
			);
			outputPaths = (
				"$(DERIVED_FILE_DIR)/Pods-RZQuotations-checkManifestLockResult.txt",
			);
			runOnlyForDeploymentPostprocessing = 0;
			shellPath = /bin/sh;
			shellScript = "diff \"${PODS_PODFILE_DIR_PATH}/Podfile.lock\" \"${PODS_ROOT}/Manifest.lock\" > /dev/null\nif [ $? != 0 ] ; then\n    # print error to STDERR\n    echo \"error: The sandbox is not in sync with the Podfile.lock. Run 'pod install' or update your CocoaPods installation.\" >&2\n    exit 1\nfi\n# This output is used by Xcode 'outputs' to avoid re-running this script phase.\necho \"SUCCESS\" > \"${SCRIPT_OUTPUT_FILE_0}\"\n";
			showEnvVarsInLog = 0;
		};
		DA2E801223E6E0FE0635B31F /* [CP] Check Pods Manifest.lock */ = {
			isa = PBXShellScriptBuildPhase;
			buildActionMask = 2147483647;
			files = (
			);
			inputFileListPaths = (
			);
			inputPaths = (
				"${PODS_PODFILE_DIR_PATH}/Podfile.lock",
				"${PODS_ROOT}/Manifest.lock",
			);
			name = "[CP] Check Pods Manifest.lock";
			outputFileListPaths = (
			);
			outputPaths = (
				"$(DERIVED_FILE_DIR)/Pods-RZQuotationsUITests-checkManifestLockResult.txt",
			);
			runOnlyForDeploymentPostprocessing = 0;
			shellPath = /bin/sh;
			shellScript = "diff \"${PODS_PODFILE_DIR_PATH}/Podfile.lock\" \"${PODS_ROOT}/Manifest.lock\" > /dev/null\nif [ $? != 0 ] ; then\n    # print error to STDERR\n    echo \"error: The sandbox is not in sync with the Podfile.lock. Run 'pod install' or update your CocoaPods installation.\" >&2\n    exit 1\nfi\n# This output is used by Xcode 'outputs' to avoid re-running this script phase.\necho \"SUCCESS\" > \"${SCRIPT_OUTPUT_FILE_0}\"\n";
			showEnvVarsInLog = 0;
		};
/* End PBXShellScriptBuildPhase section */

/* Begin PBXSourcesBuildPhase section */
		C1E9501B235B7E2D00C4AF00 /* Sources */ = {
			isa = PBXSourcesBuildPhase;
			buildActionMask = 2147483647;
			files = (
				C1DDA5D4235BB29E002F07B1 /* AddView.swift in Sources */,
				C1E95023235B7E2D00C4AF00 /* AppDelegate.swift in Sources */,
				C1E95025235B7E2D00C4AF00 /* SceneDelegate.swift in Sources */,
				C1DDA5CC235BA6F4002F07B1 /* EditView.swift in Sources */,
				C1E9502A235B7E2D00C4AF00 /* ContentView.swift in Sources */,
				C1DDA5D7235BBB2D002F07B1 /* Color.swift in Sources */,
				C1DDA5C8235BA4D6002F07B1 /* Quote.swift in Sources */,
				C1E95028235B7E2D00C4AF00 /* RZQuotations.xcdatamodeld in Sources */,
				C1DDA5DD235CEDD6002F07B1 /* UIColor.swift in Sources */,
			);
			runOnlyForDeploymentPostprocessing = 0;
		};
		C1E95034235B7E2E00C4AF00 /* Sources */ = {
			isa = PBXSourcesBuildPhase;
			buildActionMask = 2147483647;
			files = (
				C1E9503D235B7E2E00C4AF00 /* RZQuotationsTests.swift in Sources */,
			);
			runOnlyForDeploymentPostprocessing = 0;
		};
		C1E9503F235B7E2E00C4AF00 /* Sources */ = {
			isa = PBXSourcesBuildPhase;
			buildActionMask = 2147483647;
			files = (
				C1E95048235B7E2E00C4AF00 /* RZQuotationsUITests.swift in Sources */,
			);
			runOnlyForDeploymentPostprocessing = 0;
		};
/* End PBXSourcesBuildPhase section */

/* Begin PBXTargetDependency section */
		C1E9503A235B7E2E00C4AF00 /* PBXTargetDependency */ = {
			isa = PBXTargetDependency;
			target = C1E9501E235B7E2D00C4AF00 /* RZQuotations */;
			targetProxy = C1E95039235B7E2E00C4AF00 /* PBXContainerItemProxy */;
		};
		C1E95045235B7E2E00C4AF00 /* PBXTargetDependency */ = {
			isa = PBXTargetDependency;
			target = C1E9501E235B7E2D00C4AF00 /* RZQuotations */;
			targetProxy = C1E95044235B7E2E00C4AF00 /* PBXContainerItemProxy */;
		};
/* End PBXTargetDependency section */

/* Begin PBXVariantGroup section */
		C1E95030235B7E2D00C4AF00 /* LaunchScreen.storyboard */ = {
			isa = PBXVariantGroup;
			children = (
				C1E95031235B7E2D00C4AF00 /* Base */,
			);
			name = LaunchScreen.storyboard;
			sourceTree = "<group>";
		};
/* End PBXVariantGroup section */

/* Begin XCBuildConfiguration section */
		C1E9504A235B7E2E00C4AF00 /* Debug */ = {
			isa = XCBuildConfiguration;
			buildSettings = {
				ALWAYS_SEARCH_USER_PATHS = NO;
				CLANG_ANALYZER_NONNULL = YES;
				CLANG_ANALYZER_NUMBER_OBJECT_CONVERSION = YES_AGGRESSIVE;
				CLANG_CXX_LANGUAGE_STANDARD = "gnu++14";
				CLANG_CXX_LIBRARY = "libc++";
				CLANG_ENABLE_MODULES = YES;
				CLANG_ENABLE_OBJC_ARC = YES;
				CLANG_ENABLE_OBJC_WEAK = YES;
				CLANG_WARN_BLOCK_CAPTURE_AUTORELEASING = YES;
				CLANG_WARN_BOOL_CONVERSION = YES;
				CLANG_WARN_COMMA = YES;
				CLANG_WARN_CONSTANT_CONVERSION = YES;
				CLANG_WARN_DEPRECATED_OBJC_IMPLEMENTATIONS = YES;
				CLANG_WARN_DIRECT_OBJC_ISA_USAGE = YES_ERROR;
				CLANG_WARN_DOCUMENTATION_COMMENTS = YES;
				CLANG_WARN_EMPTY_BODY = YES;
				CLANG_WARN_ENUM_CONVERSION = YES;
				CLANG_WARN_INFINITE_RECURSION = YES;
				CLANG_WARN_INT_CONVERSION = YES;
				CLANG_WARN_NON_LITERAL_NULL_CONVERSION = YES;
				CLANG_WARN_OBJC_IMPLICIT_RETAIN_SELF = YES;
				CLANG_WARN_OBJC_LITERAL_CONVERSION = YES;
				CLANG_WARN_OBJC_ROOT_CLASS = YES_ERROR;
				CLANG_WARN_RANGE_LOOP_ANALYSIS = YES;
				CLANG_WARN_STRICT_PROTOTYPES = YES;
				CLANG_WARN_SUSPICIOUS_MOVE = YES;
				CLANG_WARN_UNGUARDED_AVAILABILITY = YES_AGGRESSIVE;
				CLANG_WARN_UNREACHABLE_CODE = YES;
				CLANG_WARN__DUPLICATE_METHOD_MATCH = YES;
				COPY_PHASE_STRIP = NO;
				DEBUG_INFORMATION_FORMAT = dwarf;
				ENABLE_STRICT_OBJC_MSGSEND = YES;
				ENABLE_TESTABILITY = YES;
				GCC_C_LANGUAGE_STANDARD = gnu11;
				GCC_DYNAMIC_NO_PIC = NO;
				GCC_NO_COMMON_BLOCKS = YES;
				GCC_OPTIMIZATION_LEVEL = 0;
				GCC_PREPROCESSOR_DEFINITIONS = (
					"DEBUG=1",
					"$(inherited)",
				);
				GCC_WARN_64_TO_32_BIT_CONVERSION = YES;
				GCC_WARN_ABOUT_RETURN_TYPE = YES_ERROR;
				GCC_WARN_UNDECLARED_SELECTOR = YES;
				GCC_WARN_UNINITIALIZED_AUTOS = YES_AGGRESSIVE;
				GCC_WARN_UNUSED_FUNCTION = YES;
				GCC_WARN_UNUSED_VARIABLE = YES;
				IPHONEOS_DEPLOYMENT_TARGET = 13.0;
				MTL_ENABLE_DEBUG_INFO = INCLUDE_SOURCE;
				MTL_FAST_MATH = YES;
				ONLY_ACTIVE_ARCH = YES;
				SDKROOT = iphoneos;
				SWIFT_ACTIVE_COMPILATION_CONDITIONS = DEBUG;
				SWIFT_OPTIMIZATION_LEVEL = "-Onone";
			};
			name = Debug;
		};
		C1E9504B235B7E2E00C4AF00 /* Release */ = {
			isa = XCBuildConfiguration;
			buildSettings = {
				ALWAYS_SEARCH_USER_PATHS = NO;
				CLANG_ANALYZER_NONNULL = YES;
				CLANG_ANALYZER_NUMBER_OBJECT_CONVERSION = YES_AGGRESSIVE;
				CLANG_CXX_LANGUAGE_STANDARD = "gnu++14";
				CLANG_CXX_LIBRARY = "libc++";
				CLANG_ENABLE_MODULES = YES;
				CLANG_ENABLE_OBJC_ARC = YES;
				CLANG_ENABLE_OBJC_WEAK = YES;
				CLANG_WARN_BLOCK_CAPTURE_AUTORELEASING = YES;
				CLANG_WARN_BOOL_CONVERSION = YES;
				CLANG_WARN_COMMA = YES;
				CLANG_WARN_CONSTANT_CONVERSION = YES;
				CLANG_WARN_DEPRECATED_OBJC_IMPLEMENTATIONS = YES;
				CLANG_WARN_DIRECT_OBJC_ISA_USAGE = YES_ERROR;
				CLANG_WARN_DOCUMENTATION_COMMENTS = YES;
				CLANG_WARN_EMPTY_BODY = YES;
				CLANG_WARN_ENUM_CONVERSION = YES;
				CLANG_WARN_INFINITE_RECURSION = YES;
				CLANG_WARN_INT_CONVERSION = YES;
				CLANG_WARN_NON_LITERAL_NULL_CONVERSION = YES;
				CLANG_WARN_OBJC_IMPLICIT_RETAIN_SELF = YES;
				CLANG_WARN_OBJC_LITERAL_CONVERSION = YES;
				CLANG_WARN_OBJC_ROOT_CLASS = YES_ERROR;
				CLANG_WARN_RANGE_LOOP_ANALYSIS = YES;
				CLANG_WARN_STRICT_PROTOTYPES = YES;
				CLANG_WARN_SUSPICIOUS_MOVE = YES;
				CLANG_WARN_UNGUARDED_AVAILABILITY = YES_AGGRESSIVE;
				CLANG_WARN_UNREACHABLE_CODE = YES;
				CLANG_WARN__DUPLICATE_METHOD_MATCH = YES;
				COPY_PHASE_STRIP = NO;
				DEBUG_INFORMATION_FORMAT = "dwarf-with-dsym";
				ENABLE_NS_ASSERTIONS = NO;
				ENABLE_STRICT_OBJC_MSGSEND = YES;
				GCC_C_LANGUAGE_STANDARD = gnu11;
				GCC_NO_COMMON_BLOCKS = YES;
				GCC_WARN_64_TO_32_BIT_CONVERSION = YES;
				GCC_WARN_ABOUT_RETURN_TYPE = YES_ERROR;
				GCC_WARN_UNDECLARED_SELECTOR = YES;
				GCC_WARN_UNINITIALIZED_AUTOS = YES_AGGRESSIVE;
				GCC_WARN_UNUSED_FUNCTION = YES;
				GCC_WARN_UNUSED_VARIABLE = YES;
				IPHONEOS_DEPLOYMENT_TARGET = 13.0;
				MTL_ENABLE_DEBUG_INFO = NO;
				MTL_FAST_MATH = YES;
				SDKROOT = iphoneos;
				SWIFT_COMPILATION_MODE = wholemodule;
				SWIFT_OPTIMIZATION_LEVEL = "-O";
				VALIDATE_PRODUCT = YES;
			};
			name = Release;
		};
		C1E9504D235B7E2E00C4AF00 /* Debug */ = {
			isa = XCBuildConfiguration;
			baseConfigurationReference = D401D5855BD1499814B77A15 /* Pods-RZQuotations.debug.xcconfig */;
			buildSettings = {
				ASSETCATALOG_COMPILER_APPICON_NAME = AppIcon;
				CODE_SIGN_STYLE = Automatic;
				DEVELOPMENT_ASSET_PATHS = "\"RZQuotations/Preview Content\"";
				DEVELOPMENT_TEAM = TV8GCYYTD3;
				ENABLE_PREVIEWS = YES;
				INFOPLIST_FILE = RZQuotations/Info.plist;
				LD_RUNPATH_SEARCH_PATHS = (
					"$(inherited)",
					"@executable_path/Frameworks",
				);
				PRODUCT_BUNDLE_IDENTIFIER = com.rzsolutionsinc.RZQuotations;
				PRODUCT_NAME = "$(TARGET_NAME)";
				SWIFT_VERSION = 5.0;
				TARGETED_DEVICE_FAMILY = "1,2";
			};
			name = Debug;
		};
		C1E9504E235B7E2E00C4AF00 /* Release */ = {
			isa = XCBuildConfiguration;
			baseConfigurationReference = 6814CDC06E638F402E1D3BC8 /* Pods-RZQuotations.release.xcconfig */;
			buildSettings = {
				ASSETCATALOG_COMPILER_APPICON_NAME = AppIcon;
				CODE_SIGN_STYLE = Automatic;
				DEVELOPMENT_ASSET_PATHS = "\"RZQuotations/Preview Content\"";
				DEVELOPMENT_TEAM = TV8GCYYTD3;
				ENABLE_PREVIEWS = YES;
				INFOPLIST_FILE = RZQuotations/Info.plist;
				LD_RUNPATH_SEARCH_PATHS = (
					"$(inherited)",
					"@executable_path/Frameworks",
				);
				PRODUCT_BUNDLE_IDENTIFIER = com.rzsolutionsinc.RZQuotations;
				PRODUCT_NAME = "$(TARGET_NAME)";
				SWIFT_VERSION = 5.0;
				TARGETED_DEVICE_FAMILY = "1,2";
			};
			name = Release;
		};
		C1E95050235B7E2E00C4AF00 /* Debug */ = {
			isa = XCBuildConfiguration;
			baseConfigurationReference = 4A5B020B1800AFA5D2D7107E /* Pods-RZQuotationsTests.debug.xcconfig */;
			buildSettings = {
				ALWAYS_EMBED_SWIFT_STANDARD_LIBRARIES = YES;
				BUNDLE_LOADER = "$(TEST_HOST)";
				CODE_SIGN_STYLE = Automatic;
				DEVELOPMENT_TEAM = TV8GCYYTD3;
				INFOPLIST_FILE = RZQuotationsTests/Info.plist;
				IPHONEOS_DEPLOYMENT_TARGET = 13.1;
				LD_RUNPATH_SEARCH_PATHS = (
					"$(inherited)",
					"@executable_path/Frameworks",
					"@loader_path/Frameworks",
				);
				PRODUCT_BUNDLE_IDENTIFIER = com.rzsolutionsinc.RZQuotationsTests;
				PRODUCT_NAME = "$(TARGET_NAME)";
				SWIFT_VERSION = 5.0;
				TARGETED_DEVICE_FAMILY = "1,2";
				TEST_HOST = "$(BUILT_PRODUCTS_DIR)/RZQuotations.app/RZQuotations";
			};
			name = Debug;
		};
		C1E95051235B7E2E00C4AF00 /* Release */ = {
			isa = XCBuildConfiguration;
			baseConfigurationReference = D0314D998BDD9E67BCF8F47D /* Pods-RZQuotationsTests.release.xcconfig */;
			buildSettings = {
				ALWAYS_EMBED_SWIFT_STANDARD_LIBRARIES = YES;
				BUNDLE_LOADER = "$(TEST_HOST)";
				CODE_SIGN_STYLE = Automatic;
				DEVELOPMENT_TEAM = TV8GCYYTD3;
				INFOPLIST_FILE = RZQuotationsTests/Info.plist;
				IPHONEOS_DEPLOYMENT_TARGET = 13.1;
				LD_RUNPATH_SEARCH_PATHS = (
					"$(inherited)",
					"@executable_path/Frameworks",
					"@loader_path/Frameworks",
				);
				PRODUCT_BUNDLE_IDENTIFIER = com.rzsolutionsinc.RZQuotationsTests;
				PRODUCT_NAME = "$(TARGET_NAME)";
				SWIFT_VERSION = 5.0;
				TARGETED_DEVICE_FAMILY = "1,2";
				TEST_HOST = "$(BUILT_PRODUCTS_DIR)/RZQuotations.app/RZQuotations";
			};
			name = Release;
		};
		C1E95053235B7E2E00C4AF00 /* Debug */ = {
			isa = XCBuildConfiguration;
			baseConfigurationReference = D5C156DA7F9C75F3202E46D9 /* Pods-RZQuotationsUITests.debug.xcconfig */;
			buildSettings = {
				ALWAYS_EMBED_SWIFT_STANDARD_LIBRARIES = YES;
				CODE_SIGN_STYLE = Automatic;
				DEVELOPMENT_TEAM = TV8GCYYTD3;
				INFOPLIST_FILE = RZQuotationsUITests/Info.plist;
				LD_RUNPATH_SEARCH_PATHS = (
					"$(inherited)",
					"@executable_path/Frameworks",
					"@loader_path/Frameworks",
				);
				PRODUCT_BUNDLE_IDENTIFIER = com.rzsolutionsinc.RZQuotationsUITests;
				PRODUCT_NAME = "$(TARGET_NAME)";
				SWIFT_VERSION = 5.0;
				TARGETED_DEVICE_FAMILY = "1,2";
				TEST_TARGET_NAME = RZQuotations;
			};
			name = Debug;
		};
		C1E95054235B7E2E00C4AF00 /* Release */ = {
			isa = XCBuildConfiguration;
			baseConfigurationReference = A27D901B394F47FBEBCEE397 /* Pods-RZQuotationsUITests.release.xcconfig */;
			buildSettings = {
				ALWAYS_EMBED_SWIFT_STANDARD_LIBRARIES = YES;
				CODE_SIGN_STYLE = Automatic;
				DEVELOPMENT_TEAM = TV8GCYYTD3;
				INFOPLIST_FILE = RZQuotationsUITests/Info.plist;
				LD_RUNPATH_SEARCH_PATHS = (
					"$(inherited)",
					"@executable_path/Frameworks",
					"@loader_path/Frameworks",
				);
				PRODUCT_BUNDLE_IDENTIFIER = com.rzsolutionsinc.RZQuotationsUITests;
				PRODUCT_NAME = "$(TARGET_NAME)";
				SWIFT_VERSION = 5.0;
				TARGETED_DEVICE_FAMILY = "1,2";
				TEST_TARGET_NAME = RZQuotations;
			};
			name = Release;
		};
/* End XCBuildConfiguration section */

/* Begin XCConfigurationList section */
		C1E9501A235B7E2C00C4AF00 /* Build configuration list for PBXProject "RZQuotations" */ = {
			isa = XCConfigurationList;
			buildConfigurations = (
				C1E9504A235B7E2E00C4AF00 /* Debug */,
				C1E9504B235B7E2E00C4AF00 /* Release */,
			);
			defaultConfigurationIsVisible = 0;
			defaultConfigurationName = Release;
		};
		C1E9504C235B7E2E00C4AF00 /* Build configuration list for PBXNativeTarget "RZQuotations" */ = {
			isa = XCConfigurationList;
			buildConfigurations = (
				C1E9504D235B7E2E00C4AF00 /* Debug */,
				C1E9504E235B7E2E00C4AF00 /* Release */,
			);
			defaultConfigurationIsVisible = 0;
			defaultConfigurationName = Release;
		};
		C1E9504F235B7E2E00C4AF00 /* Build configuration list for PBXNativeTarget "RZQuotationsTests" */ = {
			isa = XCConfigurationList;
			buildConfigurations = (
				C1E95050235B7E2E00C4AF00 /* Debug */,
				C1E95051235B7E2E00C4AF00 /* Release */,
			);
			defaultConfigurationIsVisible = 0;
			defaultConfigurationName = Release;
		};
		C1E95052235B7E2E00C4AF00 /* Build configuration list for PBXNativeTarget "RZQuotationsUITests" */ = {
			isa = XCConfigurationList;
			buildConfigurations = (
				C1E95053235B7E2E00C4AF00 /* Debug */,
				C1E95054235B7E2E00C4AF00 /* Release */,
			);
			defaultConfigurationIsVisible = 0;
			defaultConfigurationName = Release;
		};
/* End XCConfigurationList section */

/* Begin XCVersionGroup section */
		C1E95026235B7E2D00C4AF00 /* RZQuotations.xcdatamodeld */ = {
			isa = XCVersionGroup;
			children = (
				C1E95027235B7E2D00C4AF00 /* RZQuotations.xcdatamodel */,
			);
			currentVersion = C1E95027235B7E2D00C4AF00 /* RZQuotations.xcdatamodel */;
			path = RZQuotations.xcdatamodeld;
			sourceTree = "<group>";
			versionGroupType = wrapper.xcdatamodel;
		};
/* End XCVersionGroup section */
	};
	rootObject = C1E95017235B7E2C00C4AF00 /* Project object */;
}
